// !$*UTF8*$!
{
	archiveVersion = 1;
	classes = {
	};
	objectVersion = 46;
	objects = {

/* Begin PBXBuildFile section */
		6B6CA62B1B1378E100A95D6D /* main.m in Sources */ = {isa = PBXBuildFile; fileRef = 6B6CA62A1B1378E100A95D6D /* main.m */; };
		6B6CA62E1B1378E100A95D6D /* AppDelegate.m in Sources */ = {isa = PBXBuildFile; fileRef = 6B6CA62D1B1378E100A95D6D /* AppDelegate.m */; };
		6B6CA6311B1378E100A95D6D /* ViewController.m in Sources */ = {isa = PBXBuildFile; fileRef = 6B6CA6301B1378E100A95D6D /* ViewController.m */; };
		6B6CA6341B1378E100A95D6D /* Main.storyboard in Resources */ = {isa = PBXBuildFile; fileRef = 6B6CA6321B1378E100A95D6D /* Main.storyboard */; };
		6B6CA6361B1378E100A95D6D /* Images.xcassets in Resources */ = {isa = PBXBuildFile; fileRef = 6B6CA6351B1378E100A95D6D /* Images.xcassets */; };
		6B6CA6391B1378E100A95D6D /* LaunchScreen.xib in Resources */ = {isa = PBXBuildFile; fileRef = 6B6CA6371B1378E100A95D6D /* LaunchScreen.xib */; };
		6B6CA6451B1378E100A95D6D /* AstroKitTests.m in Sources */ = {isa = PBXBuildFile; fileRef = 6B6CA6441B1378E100A95D6D /* AstroKitTests.m */; };
/* End PBXBuildFile section */

/* Begin PBXContainerItemProxy section */
		6B6CA63F1B1378E100A95D6D /* PBXContainerItemProxy */ = {
			isa = PBXContainerItemProxy;
			containerPortal = 6B6CA61D1B1378E100A95D6D /* Project object */;
			proxyType = 1;
			remoteGlobalIDString = 6B6CA6241B1378E100A95D6D;
			remoteInfo = AstroKit;
		};
/* End PBXContainerItemProxy section */

/* Begin PBXFileReference section */
		6B6CA6251B1378E100A95D6D /* AstroKit.app */ = {isa = PBXFileReference; explicitFileType = wrapper.application; includeInIndex = 0; path = AstroKit.app; sourceTree = BUILT_PRODUCTS_DIR; };
		6B6CA6291B1378E100A95D6D /* Info.plist */ = {isa = PBXFileReference; lastKnownFileType = text.plist.xml; path = Info.plist; sourceTree = "<group>"; };
		6B6CA62A1B1378E100A95D6D /* main.m */ = {isa = PBXFileReference; lastKnownFileType = sourcecode.c.objc; path = main.m; sourceTree = "<group>"; };
		6B6CA62C1B1378E100A95D6D /* AppDelegate.h */ = {isa = PBXFileReference; lastKnownFileType = sourcecode.c.h; path = AppDelegate.h; sourceTree = "<group>"; };
		6B6CA62D1B1378E100A95D6D /* AppDelegate.m */ = {isa = PBXFileReference; lastKnownFileType = sourcecode.c.objc; path = AppDelegate.m; sourceTree = "<group>"; };
		6B6CA62F1B1378E100A95D6D /* ViewController.h */ = {isa = PBXFileReference; lastKnownFileType = sourcecode.c.h; path = ViewController.h; sourceTree = "<group>"; };
		6B6CA6301B1378E100A95D6D /* ViewController.m */ = {isa = PBXFileReference; lastKnownFileType = sourcecode.c.objc; path = ViewController.m; sourceTree = "<group>"; };
		6B6CA6331B1378E100A95D6D /* Base */ = {isa = PBXFileReference; lastKnownFileType = file.storyboard; name = Base; path = Base.lproj/Main.storyboard; sourceTree = "<group>"; };
		6B6CA6351B1378E100A95D6D /* Images.xcassets */ = {isa = PBXFileReference; lastKnownFileType = folder.assetcatalog; path = Images.xcassets; sourceTree = "<group>"; };
		6B6CA6381B1378E100A95D6D /* Base */ = {isa = PBXFileReference; lastKnownFileType = file.xib; name = Base; path = Base.lproj/LaunchScreen.xib; sourceTree = "<group>"; };
		6B6CA63E1B1378E100A95D6D /* AstroKitTests.xctest */ = {isa = PBXFileReference; explicitFileType = wrapper.cfbundle; includeInIndex = 0; path = AstroKitTests.xctest; sourceTree = BUILT_PRODUCTS_DIR; };
		6B6CA6431B1378E100A95D6D /* Info.plist */ = {isa = PBXFileReference; lastKnownFileType = text.plist.xml; path = Info.plist; sourceTree = "<group>"; };
		6B6CA6441B1378E100A95D6D /* AstroKitTests.m */ = {isa = PBXFileReference; lastKnownFileType = sourcecode.c.objc; path = AstroKitTests.m; sourceTree = "<group>"; };
/* End PBXFileReference section */

/* Begin PBXFrameworksBuildPhase section */
		6B6CA6221B1378E100A95D6D /* Frameworks */ = {
			isa = PBXFrameworksBuildPhase;
			buildActionMask = 2147483647;
			files = (
			);
			runOnlyForDeploymentPostprocessing = 0;
		};
		6B6CA63B1B1378E100A95D6D /* Frameworks */ = {
			isa = PBXFrameworksBuildPhase;
			buildActionMask = 2147483647;
			files = (
			);
			runOnlyForDeploymentPostprocessing = 0;
		};
/* End PBXFrameworksBuildPhase section */

/* Begin PBXGroup section */
		6B6CA61C1B1378E100A95D6D = {
			isa = PBXGroup;
			children = (
				6B6CA6271B1378E100A95D6D /* AstroKit */,
				6B6CA6411B1378E100A95D6D /* AstroKitTests */,
				6B6CA6261B1378E100A95D6D /* Products */,
			);
			sourceTree = "<group>";
		};
		6B6CA6261B1378E100A95D6D /* Products */ = {
			isa = PBXGroup;
			children = (
				6B6CA6251B1378E100A95D6D /* AstroKit.app */,
				6B6CA63E1B1378E100A95D6D /* AstroKitTests.xctest */,
			);
			name = Products;
			sourceTree = "<group>";
		};
		6B6CA6271B1378E100A95D6D /* AstroKit */ = {
			isa = PBXGroup;
			children = (
				6B6CA62C1B1378E100A95D6D /* AppDelegate.h */,
				6B6CA62D1B1378E100A95D6D /* AppDelegate.m */,
				6B6CA62F1B1378E100A95D6D /* ViewController.h */,
				6B6CA6301B1378E100A95D6D /* ViewController.m */,
				6B6CA6321B1378E100A95D6D /* Main.storyboard */,
				6B6CA6351B1378E100A95D6D /* Images.xcassets */,
				6B6CA6371B1378E100A95D6D /* LaunchScreen.xib */,
				6B6CA6281B1378E100A95D6D /* Supporting Files */,
			);
			path = AstroKit;
			sourceTree = "<group>";
		};
		6B6CA6281B1378E100A95D6D /* Supporting Files */ = {
			isa = PBXGroup;
			children = (
				6B6CA6291B1378E100A95D6D /* Info.plist */,
				6B6CA62A1B1378E100A95D6D /* main.m */,
			);
			name = "Supporting Files";
			sourceTree = "<group>";
		};
		6B6CA6411B1378E100A95D6D /* AstroKitTests */ = {
			isa = PBXGroup;
			children = (
				6B6CA6441B1378E100A95D6D /* AstroKitTests.m */,
				6B6CA6421B1378E100A95D6D /* Supporting Files */,
			);
			path = AstroKitTests;
			sourceTree = "<group>";
		};
		6B6CA6421B1378E100A95D6D /* Supporting Files */ = {
			isa = PBXGroup;
			children = (
				6B6CA6431B1378E100A95D6D /* Info.plist */,
			);
			name = "Supporting Files";
			sourceTree = "<group>";
		};
/* End PBXGroup section */

/* Begin PBXNativeTarget section */
		6B6CA6241B1378E100A95D6D /* AstroKit */ = {
			isa = PBXNativeTarget;
			buildConfigurationList = 6B6CA6481B1378E100A95D6D /* Build configuration list for PBXNativeTarget "AstroKit" */;
			buildPhases = (
				6B6CA6211B1378E100A95D6D /* Sources */,
				6B6CA6221B1378E100A95D6D /* Frameworks */,
				6B6CA6231B1378E100A95D6D /* Resources */,
			);
			buildRules = (
			);
			dependencies = (
			);
			name = AstroKit;
			productName = AstroKit;
			productReference = 6B6CA6251B1378E100A95D6D /* AstroKit.app */;
			productType = "com.apple.product-type.application";
		};
		6B6CA63D1B1378E100A95D6D /* AstroKitTests */ = {
			isa = PBXNativeTarget;
			buildConfigurationList = 6B6CA64B1B1378E100A95D6D /* Build configuration list for PBXNativeTarget "AstroKitTests" */;
			buildPhases = (
				6B6CA63A1B1378E100A95D6D /* Sources */,
				6B6CA63B1B1378E100A95D6D /* Frameworks */,
				6B6CA63C1B1378E100A95D6D /* Resources */,
			);
			buildRules = (
			);
			dependencies = (
				6B6CA6401B1378E100A95D6D /* PBXTargetDependency */,
			);
			name = AstroKitTests;
			productName = AstroKitTests;
			productReference = 6B6CA63E1B1378E100A95D6D /* AstroKitTests.xctest */;
			productType = "com.apple.product-type.bundle.unit-test";
		};
/* End PBXNativeTarget section */

/* Begin PBXProject section */
		6B6CA61D1B1378E100A95D6D /* Project object */ = {
			isa = PBXProject;
			attributes = {
				LastUpgradeCheck = 0630;
				ORGANIZATIONNAME = "Unisung Softworks";
				TargetAttributes = {
					6B6CA6241B1378E100A95D6D = {
						CreatedOnToolsVersion = 6.3.1;
					};
					6B6CA63D1B1378E100A95D6D = {
						CreatedOnToolsVersion = 6.3.1;
						TestTargetID = 6B6CA6241B1378E100A95D6D;
					};
				};
			};
			buildConfigurationList = 6B6CA6201B1378E100A95D6D /* Build configuration list for PBXProject "AstroKit" */;
			compatibilityVersion = "Xcode 3.2";
			developmentRegion = English;
			hasScannedForEncodings = 0;
			knownRegions = (
				en,
				Base,
			);
			mainGroup = 6B6CA61C1B1378E100A95D6D;
			productRefGroup = 6B6CA6261B1378E100A95D6D /* Products */;
			projectDirPath = "";
			projectRoot = "";
			targets = (
				6B6CA6241B1378E100A95D6D /* AstroKit */,
				6B6CA63D1B1378E100A95D6D /* AstroKitTests */,
			);
		};
/* End PBXProject section */

/* Begin PBXResourcesBuildPhase section */
		6B6CA6231B1378E100A95D6D /* Resources */ = {
			isa = PBXResourcesBuildPhase;
			buildActionMask = 2147483647;
			files = (
				6B6CA6341B1378E100A95D6D /* Main.storyboard in Resources */,
				6B6CA6391B1378E100A95D6D /* LaunchScreen.xib in Resources */,
				6B6CA6361B1378E100A95D6D /* Images.xcassets in Resources */,
			);
			runOnlyForDeploymentPostprocessing = 0;
		};
		6B6CA63C1B1378E100A95D6D /* Resources */ = {
			isa = PBXResourcesBuildPhase;
			buildActionMask = 2147483647;
			files = (
			);
			runOnlyForDeploymentPostprocessing = 0;
		};
/* End PBXResourcesBuildPhase section */

/* Begin PBXSourcesBuildPhase section */
		6B6CA6211B1378E100A95D6D /* Sources */ = {
			isa = PBXSourcesBuildPhase;
			buildActionMask = 2147483647;
			files = (
				6B6CA6311B1378E100A95D6D /* ViewController.m in Sources */,
				6B6CA62E1B1378E100A95D6D /* AppDelegate.m in Sources */,
				6B6CA62B1B1378E100A95D6D /* main.m in Sources */,
			);
			runOnlyForDeploymentPostprocessing = 0;
		};
		6B6CA63A1B1378E100A95D6D /* Sources */ = {
			isa = PBXSourcesBuildPhase;
			buildActionMask = 2147483647;
			files = (
				6B6CA6451B1378E100A95D6D /* AstroKitTests.m in Sources */,
			);
			runOnlyForDeploymentPostprocessing = 0;
		};
/* End PBXSourcesBuildPhase section */

/* Begin PBXTargetDependency section */
		6B6CA6401B1378E100A95D6D /* PBXTargetDependency */ = {
			isa = PBXTargetDependency;
			target = 6B6CA6241B1378E100A95D6D /* AstroKit */;
			targetProxy = 6B6CA63F1B1378E100A95D6D /* PBXContainerItemProxy */;
		};
/* End PBXTargetDependency section */

/* Begin PBXVariantGroup section */
		6B6CA6321B1378E100A95D6D /* Main.storyboard */ = {
			isa = PBXVariantGroup;
			children = (
				6B6CA6331B1378E100A95D6D /* Base */,
			);
			name = Main.storyboard;
			sourceTree = "<group>";
		};
		6B6CA6371B1378E100A95D6D /* LaunchScreen.xib */ = {
			isa = PBXVariantGroup;
			children = (
				6B6CA6381B1378E100A95D6D /* Base */,
			);
			name = LaunchScreen.xib;
			sourceTree = "<group>";
		};
/* End PBXVariantGroup section */

/* Begin XCBuildConfiguration section */
		6B6CA6461B1378E100A95D6D /* Debug */ = {
			isa = XCBuildConfiguration;
			buildSettings = {
				ALWAYS_SEARCH_USER_PATHS = NO;
				CLANG_CXX_LANGUAGE_STANDARD = "gnu++0x";
				CLANG_CXX_LIBRARY = "libc++";
				CLANG_ENABLE_MODULES = YES;
				CLANG_ENABLE_OBJC_ARC = YES;
				CLANG_WARN_BOOL_CONVERSION = YES;
				CLANG_WARN_CONSTANT_CONVERSION = YES;
				CLANG_WARN_DIRECT_OBJC_ISA_USAGE = YES_ERROR;
				CLANG_WARN_EMPTY_BODY = YES;
				CLANG_WARN_ENUM_CONVERSION = YES;
				CLANG_WARN_INT_CONVERSION = YES;
				CLANG_WARN_OBJC_ROOT_CLASS = YES_ERROR;
				CLANG_WARN_UNREACHABLE_CODE = YES;
				CLANG_WARN__DUPLICATE_METHOD_MATCH = YES;
				"CODE_SIGN_IDENTITY[sdk=iphoneos*]" = "iPhone Developer";
				COPY_PHASE_STRIP = NO;
				DEBUG_INFORMATION_FORMAT = "dwarf-with-dsym";
				ENABLE_STRICT_OBJC_MSGSEND = YES;
				GCC_C_LANGUAGE_STANDARD = gnu99;
				GCC_DYNAMIC_NO_PIC = NO;
				GCC_NO_COMMON_BLOCKS = YES;
				GCC_OPTIMIZATION_LEVEL = 0;
				GCC_PREPROCESSOR_DEFINITIONS = (
					"DEBUG=1",
					"$(inherited)",
				);
				GCC_SYMBOLS_PRIVATE_EXTERN = NO;
				GCC_WARN_64_TO_32_BIT_CONVERSION = YES;
				GCC_WARN_ABOUT_RETURN_TYPE = YES_ERROR;
				GCC_WARN_UNDECLARED_SELECTOR = YES;
				GCC_WARN_UNINITIALIZED_AUTOS = YES_AGGRESSIVE;
				GCC_WARN_UNUSED_FUNCTION = YES;
				GCC_WARN_UNUSED_VARIABLE = YES;
				IPHONEOS_DEPLOYMENT_TARGET = 8.3;
				MTL_ENABLE_DEBUG_INFO = YES;
				ONLY_ACTIVE_ARCH = YES;
				SDKROOT = iphoneos;
			};
			name = Debug;
		};
		6B6CA6471B1378E100A95D6D /* Release */ = {
			isa = XCBuildConfiguration;
			buildSettings = {
				ALWAYS_SEARCH_USER_PATHS = NO;
				CLANG_CXX_LANGUAGE_STANDARD = "gnu++0x";
				CLANG_CXX_LIBRARY = "libc++";
				CLANG_ENABLE_MODULES = YES;
				CLANG_ENABLE_OBJC_ARC = YES;
				CLANG_WARN_BOOL_CONVERSION = YES;
				CLANG_WARN_CONSTANT_CONVERSION = YES;
				CLANG_WARN_DIRECT_OBJC_ISA_USAGE = YES_ERROR;
				CLANG_WARN_EMPTY_BODY = YES;
				CLANG_WARN_ENUM_CONVERSION = YES;
				CLANG_WARN_INT_CONVERSION = YES;
				CLANG_WARN_OBJC_ROOT_CLASS = YES_ERROR;
				CLANG_WARN_UNREACHABLE_CODE = YES;
				CLANG_WARN__DUPLICATE_METHOD_MATCH = YES;
				"CODE_SIGN_IDENTITY[sdk=iphoneos*]" = "iPhone Developer";
				COPY_PHASE_STRIP = NO;
				DEBUG_INFORMATION_FORMAT = "dwarf-with-dsym";
				ENABLE_NS_ASSERTIONS = NO;
				ENABLE_STRICT_OBJC_MSGSEND = YES;
				GCC_C_LANGUAGE_STANDARD = gnu99;
				GCC_NO_COMMON_BLOCKS = YES;
				GCC_WARN_64_TO_32_BIT_CONVERSION = YES;
				GCC_WARN_ABOUT_RETURN_TYPE = YES_ERROR;
				GCC_WARN_UNDECLARED_SELECTOR = YES;
				GCC_WARN_UNINITIALIZED_AUTOS = YES_AGGRESSIVE;
				GCC_WARN_UNUSED_FUNCTION = YES;
				GCC_WARN_UNUSED_VARIABLE = YES;
				IPHONEOS_DEPLOYMENT_TARGET = 8.3;
				MTL_ENABLE_DEBUG_INFO = NO;
				SDKROOT = iphoneos;
				VALIDATE_PRODUCT = YES;
			};
			name = Release;
		};
		6B6CA6491B1378E100A95D6D /* Debug */ = {
			isa = XCBuildConfiguration;
			buildSettings = {
				ASSETCATALOG_COMPILER_APPICON_NAME = AppIcon;
				INFOPLIST_FILE = AstroKit/Info.plist;
				LD_RUNPATH_SEARCH_PATHS = "$(inherited) @executable_path/Frameworks";
				PRODUCT_NAME = "$(TARGET_NAME)";
			};
			name = Debug;
		};
		6B6CA64A1B1378E100A95D6D /* Release */ = {
			isa = XCBuildConfiguration;
			buildSettings = {
				ASSETCATALOG_COMPILER_APPICON_NAME = AppIcon;
				INFOPLIST_FILE = AstroKit/Info.plist;
				LD_RUNPATH_SEARCH_PATHS = "$(inherited) @executable_path/Frameworks";
				PRODUCT_NAME = "$(TARGET_NAME)";
			};
			name = Release;
		};
		6B6CA64C1B1378E100A95D6D /* Debug */ = {
			isa = XCBuildConfiguration;
			buildSettings = {
				BUNDLE_LOADER = "$(TEST_HOST)";
				FRAMEWORK_SEARCH_PATHS = (
					"$(SDKROOT)/Developer/Library/Frameworks",
					"$(inherited)",
				);
				GCC_PREPROCESSOR_DEFINITIONS = (
					"DEBUG=1",
					"$(inherited)",
				);
				INFOPLIST_FILE = AstroKitTests/Info.plist;
				LD_RUNPATH_SEARCH_PATHS = "$(inherited) @executable_path/Frameworks @loader_path/Frameworks";
				PRODUCT_NAME = "$(TARGET_NAME)";
				TEST_HOST = "$(BUILT_PRODUCTS_DIR)/AstroKit.app/AstroKit";
			};
			name = Debug;
		};
		6B6CA64D1B1378E100A95D6D /* Release */ = {
			isa = XCBuildConfiguration;
			buildSettings = {
				BUNDLE_LOADER = "$(TEST_HOST)";
				FRAMEWORK_SEARCH_PATHS = (
					"$(SDKROOT)/Developer/Library/Frameworks",
					"$(inherited)",
				);
				INFOPLIST_FILE = AstroKitTests/Info.plist;
				LD_RUNPATH_SEARCH_PATHS = "$(inherited) @executable_path/Frameworks @loader_path/Frameworks";
				PRODUCT_NAME = "$(TARGET_NAME)";
				TEST_HOST = "$(BUILT_PRODUCTS_DIR)/AstroKit.app/AstroKit";
			};
			name = Release;
		};
/* End XCBuildConfiguration section */

/* Begin XCConfigurationList section */
		6B6CA6201B1378E100A95D6D /* Build configuration list for PBXProject "AstroKit" */ = {
			isa = XCConfigurationList;
			buildConfigurations = (
				6B6CA6461B1378E100A95D6D /* Debug */,
				6B6CA6471B1378E100A95D6D /* Release */,
			);
			defaultConfigurationIsVisible = 0;
			defaultConfigurationName = Release;
		};
		6B6CA6481B1378E100A95D6D /* Build configuration list for PBXNativeTarget "AstroKit" */ = {
			isa = XCConfigurationList;
			buildConfigurations = (
				6B6CA6491B1378E100A95D6D /* Debug */,
				6B6CA64A1B1378E100A95D6D /* Release */,
			);
			defaultConfigurationIsVisible = 0;
		};
		6B6CA64B1B1378E100A95D6D /* Build configuration list for PBXNativeTarget "AstroKitTests" */ = {
			isa = XCConfigurationList;
			buildConfigurations = (
				6B6CA64C1B1378E100A95D6D /* Debug */,
				6B6CA64D1B1378E100A95D6D /* Release */,
			);
			defaultConfigurationIsVisible = 0;
		};
/* End XCConfigurationList section */
	};
	rootObject = 6B6CA61D1B1378E100A95D6D /* Project object */;
}
